
Microsoft Visual Studio Solution File, Format Version 12.00
# Visual Studio Version 17
VisualStudioVersion = 17.9.34607.119
MinimumVisualStudioVersion = 10.0.40219.1
Project("{FAE04EC0-301F-11D3-BF4B-00C04F79EFBC}") = "SuccessAPI", "SuccessAPI.csproj", "{9081DB7A-75EA-4971-853E-A496554A8C98}"
EndProject
Global
	GlobalSection(SolutionConfigurationPlatforms) = preSolution
		Debug|Any CPU = Debug|Any CPU
		Release|Any CPU = Release|Any CPU
	EndGlobalSection
	GlobalSection(ProjectConfigurationPlatforms) = postSolution
		{9081DB7A-75EA-4971-853E-A496554A8C98}.Debug|Any CPU.ActiveCfg = Debug|Any CPU
		{9081DB7A-75EA-4971-853E-A496554A8C98}.Debug|Any CPU.Build.0 = Debug|Any CPU
		{9081DB7A-75EA-4971-853E-A496554A8C98}.Release|Any CPU.ActiveCfg = Release|Any CPU
		{9081DB7A-75EA-4971-853E-A496554A8C98}.Release|Any CPU.Build.0 = Release|Any CPU
	EndGlobalSection
	GlobalSection(SolutionProperties) = preSolution
		HideSolutionNode = FALSE
	EndGlobalSection
	GlobalSection(ExtensibilityGlobals) = postSolution
		SolutionGuid = {83000E86-36F2-482D-9902-896ED4506C71}
	EndGlobalSection
EndGlobal
